# THIS IS AN AUTOGENERATED FILE. DO NOT EDIT THIS FILE DIRECTLY.
# yarn lockfile v1


"@inquirer/checkbox@^4.2.2":
  version "4.2.2"
  resolved "https://registry.yarnpkg.com/@inquirer/checkbox/-/checkbox-4.2.2.tgz#eabaa7eb6adbd64bb7bb7765c67c0a283ed616eb"
  dependencies:
    "@inquirer/core" "^10.2.0"
    "@inquirer/figures" "^1.0.13"
    "@inquirer/type" "^3.0.8"
    ansi-escapes "^4.3.2"
    yoctocolors-cjs "^2.1.2"

"@inquirer/confirm@^5.1.16":
  version "5.1.16"
  resolved "https://registry.yarnpkg.com/@inquirer/confirm/-/confirm-5.1.16.tgz#4f99603e5c8a1b471b819343f708c75e8abd2b88"
  dependencies:
    "@inquirer/core" "^10.2.0"
    "@inquirer/type" "^3.0.8"

"@inquirer/core@^10.2.0":
  version "10.2.0"
  resolved "https://registry.yarnpkg.com/@inquirer/core/-/core-10.2.0.tgz#19ff527dbe0956891d825e320ecbc890bd6a1550"
  dependencies:
    "@inquirer/figures" "^1.0.13"
    "@inquirer/type" "^3.0.8"
    ansi-escapes "^4.3.2"
    cli-width "^4.1.0"
    mute-stream "^2.0.0"
    signal-exit "^4.1.0"
    wrap-ansi "^6.2.0"
    yoctocolors-cjs "^2.1.2"

"@inquirer/editor@^4.2.18":
  version "4.2.18"
  resolved "https://registry.yarnpkg.com/@inquirer/editor/-/editor-4.2.18.tgz#1418aef90025046ad16306451effb6fb36db9664"
  dependencies:
    "@inquirer/core" "^10.2.0"
    "@inquirer/external-editor" "^1.0.1"
    "@inquirer/type" "^3.0.8"

"@inquirer/expand@^4.0.18":
  version "4.0.18"
  resolved "https://registry.yarnpkg.com/@inquirer/expand/-/expand-4.0.18.tgz#8bf1bcd1ee99b8fa02e1143ed5bf69dc576bacd7"
  dependencies:
    "@inquirer/core" "^10.2.0"
    "@inquirer/type" "^3.0.8"
    yoctocolors-cjs "^2.1.2"

"@inquirer/external-editor@^1.0.1":
  version "1.0.1"
  resolved "https://registry.yarnpkg.com/@inquirer/external-editor/-/external-editor-1.0.1.tgz#ab0a82c5719a963fb469021cde5cd2b74fea30f8"
  dependencies:
    chardet "^2.1.0"
    iconv-lite "^0.6.3"

"@inquirer/figures@^1.0.13":
  version "1.0.13"
  resolved "https://registry.yarnpkg.com/@inquirer/figures/-/figures-1.0.13.tgz#ad0afd62baab1c23175115a9b62f511b6a751e45"

"@inquirer/input@^4.2.2":
  version "4.2.2"
  resolved "https://registry.yarnpkg.com/@inquirer/input/-/input-4.2.2.tgz#98c420a3bff94ee19124f74a641cef2b1eb01b22"
  dependencies:
    "@inquirer/core" "^10.2.0"
    "@inquirer/type" "^3.0.8"

"@inquirer/number@^3.0.18":
  version "3.0.18"
  resolved "https://registry.yarnpkg.com/@inquirer/number/-/number-3.0.18.tgz#b5595c02061498e2753fdfe35d9abae14e9223aa"
  dependencies:
    "@inquirer/core" "^10.2.0"
    "@inquirer/type" "^3.0.8"

"@inquirer/password@^4.0.18":
  version "4.0.18"
  resolved "https://registry.yarnpkg.com/@inquirer/password/-/password-4.0.18.tgz#7500139016247163a6c115228fcafbb9cb448941"
  dependencies:
    "@inquirer/core" "^10.2.0"
    "@inquirer/type" "^3.0.8"
    ansi-escapes "^4.3.2"

"@inquirer/prompts@^7.8.4":
  version "7.8.4"
  resolved "https://registry.yarnpkg.com/@inquirer/prompts/-/prompts-7.8.4.tgz#ed150f6d03ad019a7dcc7a0adee7c3cb3790b03f"
  dependencies:
    "@inquirer/checkbox" "^4.2.2"
    "@inquirer/confirm" "^5.1.16"
    "@inquirer/editor" "^4.2.18"
    "@inquirer/expand" "^4.0.18"
    "@inquirer/input" "^4.2.2"
    "@inquirer/number" "^3.0.18"
    "@inquirer/password" "^4.0.18"
    "@inquirer/rawlist" "^4.1.6"
    "@inquirer/search" "^3.1.1"
    "@inquirer/select" "^4.3.2"

"@inquirer/rawlist@^4.1.6":
  version "4.1.6"
  resolved "https://registry.yarnpkg.com/@inquirer/rawlist/-/rawlist-4.1.6.tgz#805e1c449dde2bdfd8bc7eca56e6fe40938a7dc7"
  dependencies:
    "@inquirer/core" "^10.2.0"
    "@inquirer/type" "^3.0.8"
    yoctocolors-cjs "^2.1.2"

"@inquirer/search@^3.1.1":
  version "3.1.1"
  resolved "https://registry.yarnpkg.com/@inquirer/search/-/search-3.1.1.tgz#f67a559c66043fe4fdc639c053578d34440b3c49"
  dependencies:
    "@inquirer/core" "^10.2.0"
    "@inquirer/figures" "^1.0.13"
    "@inquirer/type" "^3.0.8"
    yoctocolors-cjs "^2.1.2"

"@inquirer/select@^4.3.2":
  version "4.3.2"
  resolved "https://registry.yarnpkg.com/@inquirer/select/-/select-4.3.2.tgz#7ff8942fb052c9c92110c9c044c7abb9b4ba9497"
  dependencies:
    "@inquirer/core" "^10.2.0"
    "@inquirer/figures" "^1.0.13"
    "@inquirer/type" "^3.0.8"
    ansi-escapes "^4.3.2"
    yoctocolors-cjs "^2.1.2"

"@inquirer/type@^3.0.8":
  version "3.0.8"
  resolved "https://registry.yarnpkg.com/@inquirer/type/-/type-3.0.8.tgz#efc293ba0ed91e90e6267f1aacc1c70d20b8b4e8"

ansi-escapes@^4.3.2:
  version "4.3.2"
  resolved "https://registry.yarnpkg.com/ansi-escapes/-/ansi-escapes-4.3.2.tgz#6b2291d1db7d98b6521d5f1efa42d0f3a9feb65e"
  dependencies:
    type-fest "^0.21.3"

ansi-regex@^5.0.1:
  version "5.0.1"
  resolved "https://registry.yarnpkg.com/ansi-regex/-/ansi-regex-5.0.1.tgz#082cb2c89c9fe8659a311a53bd6a4dc5301db304"

ansi-regex@^6.0.1:
  version "6.2.0"
  resolved "https://registry.yarnpkg.com/ansi-regex/-/ansi-regex-6.2.0.tgz#2f302e7550431b1b7762705fffb52cf1ffa20447"

ansi-styles@^4.0.0:
  version "4.3.0"
  resolved "https://registry.yarnpkg.com/ansi-styles/-/ansi-styles-4.3.0.tgz#edd803628ae71c04c85ae7a0906edad34b648937"
  dependencies:
    color-convert "^2.0.1"

ansi-styles@^6.2.1:
  version "6.2.1"
  resolved "https://registry.yarnpkg.com/ansi-styles/-/ansi-styles-6.2.1.tgz#0e62320cf99c21afff3b3012192546aacbfb05c5"

chardet@^2.1.0:
  version "2.1.0"
  resolved "https://registry.yarnpkg.com/chardet/-/chardet-2.1.0.tgz#1007f441a1ae9f9199a4a67f6e978fb0aa9aa3fe"

cli-width@^4.1.0:
  version "4.1.0"
  resolved "https://registry.yarnpkg.com/cli-width/-/cli-width-4.1.0.tgz#42daac41d3c254ef38ad8ac037672130173691c5"

cliui@^9.0.1:
  version "9.0.1"
  resolved "https://registry.yarnpkg.com/cliui/-/cliui-9.0.1.tgz#6f7890f386f6f1f79953adc1f78dec46fcc2d291"
  dependencies:
    string-width "^7.2.0"
    strip-ansi "^7.1.0"
    wrap-ansi "^9.0.0"

color-convert@^2.0.1:
  version "2.0.1"
  resolved "https://registry.yarnpkg.com/color-convert/-/color-convert-2.0.1.tgz#72d3a68d598c9bdb3af2ad1e84f21d896abd4de3"
  dependencies:
    color-name "~1.1.4"

color-name@~1.1.4:
  version "1.1.4"
  resolved "https://registry.yarnpkg.com/color-name/-/color-name-1.1.4.tgz#c2a09a87acbde69543de6f63fa3995c826c536a2"

emoji-regex@^10.3.0:
  version "10.4.0"
  resolved "https://registry.yarnpkg.com/emoji-regex/-/emoji-regex-10.4.0.tgz#03553afea80b3975749cfcb36f776ca268e413d4"

emoji-regex@^8.0.0:
  version "8.0.0"
  resolved "https://registry.yarnpkg.com/emoji-regex/-/emoji-regex-8.0.0.tgz#e818fd69ce5ccfcb404594f842963bf53164cc37"

escalade@^3.1.1:
  version "3.2.0"
  resolved "https://registry.yarnpkg.com/escalade/-/escalade-3.2.0.tgz#011a3f69856ba189dffa7dc8fcce99d2a87903e5"

get-caller-file@^2.0.5:
  version "2.0.5"
  resolved "https://registry.yarnpkg.com/get-caller-file/-/get-caller-file-2.0.5.tgz#4f94412a82db32f36e3b0b9741f8a97feb031f7e"

get-east-asian-width@^1.0.0:
  version "1.3.0"
  resolved "https://registry.yarnpkg.com/get-east-asian-width/-/get-east-asian-width-1.3.0.tgz#21b4071ee58ed04ee0db653371b55b4299875389"

iconv-lite@^0.6.3:
  version "0.6.3"
  resolved "https://registry.yarnpkg.com/iconv-lite/-/iconv-lite-0.6.3.tgz#a52f80bf38da1952eb5c681790719871a1a72501"
  dependencies:
    safer-buffer ">= 2.1.2 < 3.0.0"

inquirer@12.9.4:
  version "12.9.4"
  resolved "https://registry.yarnpkg.com/inquirer/-/inquirer-12.9.4.tgz#eca8b728b6452da6258503ae4c2345da68815cf0"
  dependencies:
    "@inquirer/core" "^10.2.0"
    "@inquirer/prompts" "^7.8.4"
    "@inquirer/type" "^3.0.8"
    ansi-escapes "^4.3.2"
    mute-stream "^2.0.0"
    run-async "^4.0.5"
    rxjs "^7.8.2"

is-fullwidth-code-point@^3.0.0:
  version "3.0.0"
  resolved "https://registry.yarnpkg.com/is-fullwidth-code-point/-/is-fullwidth-code-point-3.0.0.tgz#f116f8064fe90b3f7844a38997c0b75051269f1d"

mute-stream@^2.0.0:
  version "2.0.0"
  resolved "https://registry.yarnpkg.com/mute-stream/-/mute-stream-2.0.0.tgz#a5446fc0c512b71c83c44d908d5c7b7b4c493b2b"

run-async@^4.0.5:
  version "4.0.6"
  resolved "https://registry.yarnpkg.com/run-async/-/run-async-4.0.6.tgz#d53b86acb71f42650fe23de2b3c1b6b6b34b9294"

rxjs@^7.8.2:
  version "7.8.2"
  resolved "https://registry.yarnpkg.com/rxjs/-/rxjs-7.8.2.tgz#955bc473ed8af11a002a2be52071bf475638607b"
  dependencies:
    tslib "^2.1.0"

"safer-buffer@>= 2.1.2 < 3.0.0":
  version "2.1.2"
  resolved "https://registry.yarnpkg.com/safer-buffer/-/safer-buffer-2.1.2.tgz#44fa161b0187b9549dd84bb91802f9bd8385cd6a"

signal-exit@^4.1.0:
  version "4.1.0"
  resolved "https://registry.yarnpkg.com/signal-exit/-/signal-exit-4.1.0.tgz#952188c1cbd546070e2dd20d0f41c0ae0530cb04"

string-width@^4.1.0:
  version "4.2.3"
  resolved "https://registry.yarnpkg.com/string-width/-/string-width-4.2.3.tgz#269c7117d27b05ad2e536830a8ec895ef9c6d010"
  dependencies:
    emoji-regex "^8.0.0"
    is-fullwidth-code-point "^3.0.0"
    strip-ansi "^6.0.1"

string-width@^7.0.0, string-width@^7.2.0:
  version "7.2.0"
  resolved "https://registry.yarnpkg.com/string-width/-/string-width-7.2.0.tgz#b5bb8e2165ce275d4d43476dd2700ad9091db6dc"
  dependencies:
    emoji-regex "^10.3.0"
    get-east-asian-width "^1.0.0"
    strip-ansi "^7.1.0"

strip-ansi@^6.0.0, strip-ansi@^6.0.1:
  version "6.0.1"
  resolved "https://registry.yarnpkg.com/strip-ansi/-/strip-ansi-6.0.1.tgz#9e26c63d30f53443e9489495b2105d37b67a85d9"
  dependencies:
    ansi-regex "^5.0.1"

strip-ansi@^7.1.0:
  version "7.1.0"
  resolved "https://registry.yarnpkg.com/strip-ansi/-/strip-ansi-7.1.0.tgz#d5b6568ca689d8561370b0707685d22434faff45"
  dependencies:
    ansi-regex "^6.0.1"

tslib@^2.1.0:
  version "2.8.1"
  resolved "https://registry.yarnpkg.com/tslib/-/tslib-2.8.1.tgz#612efe4ed235d567e8aba5f2a5fab70280ade83f"

type-fest@^0.21.3:
  version "0.21.3"
  resolved "https://registry.yarnpkg.com/type-fest/-/type-fest-0.21.3.tgz#d260a24b0198436e133fa26a524a6d65fa3b2e37"

wrap-ansi@^6.2.0:
  version "6.2.0"
  resolved "https://registry.yarnpkg.com/wrap-ansi/-/wrap-ansi-6.2.0.tgz#e9393ba07102e6c91a3b221478f0257cd2856e53"
  dependencies:
    ansi-styles "^4.0.0"
    string-width "^4.1.0"
    strip-ansi "^6.0.0"

wrap-ansi@^9.0.0:
  version "9.0.0"
  resolved "https://registry.yarnpkg.com/wrap-ansi/-/wrap-ansi-9.0.0.tgz#1a3dc8b70d85eeb8398ddfb1e4a02cd186e58b3e"
  dependencies:
    ansi-styles "^6.2.1"
    string-width "^7.0.0"
    strip-ansi "^7.1.0"

y18n@^5.0.5:
  version "5.0.8"
  resolved "https://registry.yarnpkg.com/y18n/-/y18n-5.0.8.tgz#7f4934d0f7ca8c56f95314939ddcd2dd91ce1d55"

yargs-parser@^22.0.0:
  version "22.0.0"
  resolved "https://registry.yarnpkg.com/yargs-parser/-/yargs-parser-22.0.0.tgz#87b82094051b0567717346ecd00fd14804b357c8"

yargs@18.0.0:
  version "18.0.0"
  resolved "https://registry.yarnpkg.com/yargs/-/yargs-18.0.0.tgz#6c84259806273a746b09f579087b68a3c2d25bd1"
  dependencies:
    cliui "^9.0.1"
    escalade "^3.1.1"
    get-caller-file "^2.0.5"
    string-width "^7.2.0"
    y18n "^5.0.5"
    yargs-parser "^22.0.0"

yoctocolors-cjs@^2.1.2:
  version "2.1.3"
  resolved "https://registry.yarnpkg.com/yoctocolors-cjs/-/yoctocolors-cjs-2.1.3.tgz#7e4964ea8ec422b7a40ac917d3a344cfd2304baa"
